
Microsoft Visual Studio Solution File, Format Version 12.00
# Visual Studio Version 17
VisualStudioVersion = 17.5.33424.131
MinimumVisualStudioVersion = 10.0.40219.1
Project("{888888A0-9F3D-457C-B088-3A5042F75D52}") = "Read_Data_from_Text_File_and_Write_to_GUI", "Read_Data_from_Text_File_and_Write_to_GUI.pyproj", "{6B747A96-F5AD-4B6A-BD8A-4F205AFB5F6D}"
EndProject
Global
	GlobalSection(SolutionConfigurationPlatforms) = preSolution
		Debug|Any CPU = Debug|Any CPU
		Release|Any CPU = Release|Any CPU
	EndGlobalSection
	GlobalSection(ProjectConfigurationPlatforms) = postSolution
		{6B747A96-F5AD-4B6A-BD8A-4F205AFB5F6D}.Debug|Any CPU.ActiveCfg = Debug|Any CPU
		{6B747A96-F5AD-4B6A-BD8A-4F205AFB5F6D}.Release|Any CPU.ActiveCfg = Release|Any CPU
	EndGlobalSection
	GlobalSection(SolutionProperties) = preSolution
		HideSolutionNode = FALSE
	EndGlobalSection
	GlobalSection(ExtensibilityGlobals) = postSolution
		SolutionGuid = {5F3F3B40-3BDA-48F5-A00B-91FF9E953475}
	EndGlobalSection
EndGlobal
